
Microsoft Visual Studio Solution File, Format Version 12.00
# Visual Studio Version 17
VisualStudioVersion = 17.10.35013.160
MinimumVisualStudioVersion = 10.0.40219.1
Project("{FAE04EC0-301F-11D3-BF4B-00C04F79EFBC}") = "DynamicApi", "DynamicApi\DynamicApi.csproj", "{B370778B-B6D2-46E9-AA3B-70AE8D177290}"
EndProject
Global
	GlobalSection(SolutionConfigurationPlatforms) = preSolution
		Debug|Any CPU = Debug|Any CPU
		Release|Any CPU = Release|Any CPU
	EndGlobalSection
	GlobalSection(ProjectConfigurationPlatforms) = postSolution
		{B370778B-B6D2-46E9-AA3B-70AE8D177290}.Debug|Any CPU.ActiveCfg = Debug|Any CPU
		{B370778B-B6D2-46E9-AA3B-70AE8D177290}.Debug|Any CPU.Build.0 = Debug|Any CPU
		{B370778B-B6D2-46E9-AA3B-70AE8D177290}.Release|Any CPU.ActiveCfg = Release|Any CPU
		{B370778B-B6D2-46E9-AA3B-70AE8D177290}.Release|Any CPU.Build.0 = Release|Any CPU
	EndGlobalSection
	GlobalSection(SolutionProperties) = preSolution
		HideSolutionNode = FALSE
	EndGlobalSection
	GlobalSection(ExtensibilityGlobals) = postSolution
		SolutionGuid = {CDC3FED0-177F-45D2-BD95-3B4388ABFF1D}
	EndGlobalSection
EndGlobal
